
Microsoft Visual Studio Solution File, Format Version 12.00
# Visual Studio Version 16
VisualStudioVersion = 16.0.31321.278
MinimumVisualStudioVersion = 10.0.40219.1
Project("{9A19103F-16F7-4668-BE54-9A1E7A4F7556}") = "LAB10.01", "LAB10.01\LAB10.01.csproj", "{FB6C04E9-E5F5-41FF-AC8C-6C8E36B5E4B9}"
EndProject
Project("{9A19103F-16F7-4668-BE54-9A1E7A4F7556}") = "LAB10.02", "LAB10.02\LAB10.02.csproj", "{ACACB02C-AB25-4161-BB68-35252DC5BEA7}"
EndProject
Project("{9A19103F-16F7-4668-BE54-9A1E7A4F7556}") = "LAB10.03", "LAB10.03\LAB10.03.csproj", "{CC0AF985-E7B9-41A5-A173-373208E05011}"
EndProject
Project("{9A19103F-16F7-4668-BE54-9A1E7A4F7556}") = "LAB10.04", "LAB10.04\LAB10.04.csproj", "{2AA46CF2-27CE-4A3C-9D86-28AEBD612FB5}"
EndProject
Project("{9A19103F-16F7-4668-BE54-9A1E7A4F7556}") = "LAB10.07", "LAB10.05\LAB10.07.csproj", "{AD4B510C-59D1-478D-AAEF-987F88F0CA4B}"
EndProject
Project("{FAE04EC0-301F-11D3-BF4B-00C04F79EFBC}") = "LAB10.10", "LAB10.06\LAB10.10.csproj", "{A0DAAFC6-D766-45F1-91C3-578A7AB2AB9E}"
EndProject
Project("{9A19103F-16F7-4668-BE54-9A1E7A4F7556}") = "LAB10.05", "LAB10.05\LAB10.05.csproj", "{531D67D5-F7BA-4283-8CBE-E4761DF879C3}"
EndProject
Project("{FAE04EC0-301F-11D3-BF4B-00C04F79EFBC}") = "LAB10.11", "LAB10.11\LAB10.11.csproj", "{EA06CF21-12E1-4F2A-A3BE-18C19F664A2D}"
EndProject
Global
	GlobalSection(SolutionConfigurationPlatforms) = preSolution
		Debug|Any CPU = Debug|Any CPU
		Release|Any CPU = Release|Any CPU
	EndGlobalSection
	GlobalSection(ProjectConfigurationPlatforms) = postSolution
		{FB6C04E9-E5F5-41FF-AC8C-6C8E36B5E4B9}.Debug|Any CPU.ActiveCfg = Debug|Any CPU
		{FB6C04E9-E5F5-41FF-AC8C-6C8E36B5E4B9}.Debug|Any CPU.Build.0 = Debug|Any CPU
		{FB6C04E9-E5F5-41FF-AC8C-6C8E36B5E4B9}.Release|Any CPU.ActiveCfg = Release|Any CPU
		{FB6C04E9-E5F5-41FF-AC8C-6C8E36B5E4B9}.Release|Any CPU.Build.0 = Release|Any CPU
		{ACACB02C-AB25-4161-BB68-35252DC5BEA7}.Debug|Any CPU.ActiveCfg = Debug|Any CPU
		{ACACB02C-AB25-4161-BB68-35252DC5BEA7}.Debug|Any CPU.Build.0 = Debug|Any CPU
		{ACACB02C-AB25-4161-BB68-35252DC5BEA7}.Release|Any CPU.ActiveCfg = Release|Any CPU
		{ACACB02C-AB25-4161-BB68-35252DC5BEA7}.Release|Any CPU.Build.0 = Release|Any CPU
		{CC0AF985-E7B9-41A5-A173-373208E05011}.Debug|Any CPU.ActiveCfg = Debug|Any CPU
		{CC0AF985-E7B9-41A5-A173-373208E05011}.Debug|Any CPU.Build.0 = Debug|Any CPU
		{CC0AF985-E7B9-41A5-A173-373208E05011}.Release|Any CPU.ActiveCfg = Release|Any CPU
		{CC0AF985-E7B9-41A5-A173-373208E05011}.Release|Any CPU.Build.0 = Release|Any CPU
		{2AA46CF2-27CE-4A3C-9D86-28AEBD612FB5}.Debug|Any CPU.ActiveCfg = Debug|Any CPU
		{2AA46CF2-27CE-4A3C-9D86-28AEBD612FB5}.Debug|Any CPU.Build.0 = Debug|Any CPU
		{2AA46CF2-27CE-4A3C-9D86-28AEBD612FB5}.Release|Any CPU.ActiveCfg = Release|Any CPU
		{2AA46CF2-27CE-4A3C-9D86-28AEBD612FB5}.Release|Any CPU.Build.0 = Release|Any CPU
		{AD4B510C-59D1-478D-AAEF-987F88F0CA4B}.Debug|Any CPU.ActiveCfg = Debug|Any CPU
		{AD4B510C-59D1-478D-AAEF-987F88F0CA4B}.Debug|Any CPU.Build.0 = Debug|Any CPU
		{AD4B510C-59D1-478D-AAEF-987F88F0CA4B}.Release|Any CPU.ActiveCfg = Release|Any CPU
		{AD4B510C-59D1-478D-AAEF-987F88F0CA4B}.Release|Any CPU.Build.0 = Release|Any CPU
		{A0DAAFC6-D766-45F1-91C3-578A7AB2AB9E}.Debug|Any CPU.ActiveCfg = Debug|Any CPU
		{A0DAAFC6-D766-45F1-91C3-578A7AB2AB9E}.Debug|Any CPU.Build.0 = Debug|Any CPU
		{A0DAAFC6-D766-45F1-91C3-578A7AB2AB9E}.Release|Any CPU.ActiveCfg = Release|Any CPU
		{A0DAAFC6-D766-45F1-91C3-578A7AB2AB9E}.Release|Any CPU.Build.0 = Release|Any CPU
		{531D67D5-F7BA-4283-8CBE-E4761DF879C3}.Debug|Any CPU.ActiveCfg = Debug|Any CPU
		{531D67D5-F7BA-4283-8CBE-E4761DF879C3}.Debug|Any CPU.Build.0 = Debug|Any CPU
		{531D67D5-F7BA-4283-8CBE-E4761DF879C3}.Release|Any CPU.ActiveCfg = Release|Any CPU
		{531D67D5-F7BA-4283-8CBE-E4761DF879C3}.Release|Any CPU.Build.0 = Release|Any CPU
		{EA06CF21-12E1-4F2A-A3BE-18C19F664A2D}.Debug|Any CPU.ActiveCfg = Debug|Any CPU
		{EA06CF21-12E1-4F2A-A3BE-18C19F664A2D}.Debug|Any CPU.Build.0 = Debug|Any CPU
		{EA06CF21-12E1-4F2A-A3BE-18C19F664A2D}.Release|Any CPU.ActiveCfg = Release|Any CPU
		{EA06CF21-12E1-4F2A-A3BE-18C19F664A2D}.Release|Any CPU.Build.0 = Release|Any CPU
	EndGlobalSection
	GlobalSection(SolutionProperties) = preSolution
		HideSolutionNode = FALSE
	EndGlobalSection
	GlobalSection(ExtensibilityGlobals) = postSolution
		SolutionGuid = {A8D6CD27-5F18-427F-AE53-ADC3B592F741}
	EndGlobalSection
EndGlobal
